
Microsoft Visual Studio Solution File, Format Version 12.00
# Visual Studio Version 17
VisualStudioVersion = 17.0.31903.59
MinimumVisualStudioVersion = 10.0.40219.1
Project("{FAE04EC0-301F-11D3-BF4B-00C04F79EFBC}") = "OOP_Class", "OOP_Class\OOP_Class.csproj", "{2197818B-83F9-4370-B183-0E3B348AC953}"
EndProject
Project("{FAE04EC0-301F-11D3-BF4B-00C04F79EFBC}") = "OOP_Console", "OOP_Console\OOP_Console.csproj", "{4722744A-6E81-4E21-8820-8C55440C01F4}"
EndProject
Global
	GlobalSection(SolutionConfigurationPlatforms) = preSolution
		Debug|Any CPU = Debug|Any CPU
		Release|Any CPU = Release|Any CPU
	EndGlobalSection
	GlobalSection(SolutionProperties) = preSolution
		HideSolutionNode = FALSE
	EndGlobalSection
	GlobalSection(ProjectConfigurationPlatforms) = postSolution
		{2197818B-83F9-4370-B183-0E3B348AC953}.Debug|Any CPU.ActiveCfg = Debug|Any CPU
		{2197818B-83F9-4370-B183-0E3B348AC953}.Debug|Any CPU.Build.0 = Debug|Any CPU
		{2197818B-83F9-4370-B183-0E3B348AC953}.Release|Any CPU.ActiveCfg = Release|Any CPU
		{2197818B-83F9-4370-B183-0E3B348AC953}.Release|Any CPU.Build.0 = Release|Any CPU
		{4722744A-6E81-4E21-8820-8C55440C01F4}.Debug|Any CPU.ActiveCfg = Debug|Any CPU
		{4722744A-6E81-4E21-8820-8C55440C01F4}.Debug|Any CPU.Build.0 = Debug|Any CPU
		{4722744A-6E81-4E21-8820-8C55440C01F4}.Release|Any CPU.ActiveCfg = Release|Any CPU
		{4722744A-6E81-4E21-8820-8C55440C01F4}.Release|Any CPU.Build.0 = Release|Any CPU
	EndGlobalSection
EndGlobal
